
Microsoft Visual Studio Solution File, Format Version 12.00
# Visual Studio Version 16
VisualStudioVersion = 16.0.29409.12
MinimumVisualStudioVersion = 10.0.40219.1
Project("{FAE04EC0-301F-11D3-BF4B-00C04F79EFBC}") = "Gamma", "Gamma\Gamma.csproj", "{098F089B-0FE7-4DBD-A440-8FF2DEB444BA}"
EndProject
Global
	GlobalSection(SolutionConfigurationPlatforms) = preSolution
		Debug|Any CPU = Debug|Any CPU
		Release|Any CPU = Release|Any CPU
	EndGlobalSection
	GlobalSection(ProjectConfigurationPlatforms) = postSolution
		{098F089B-0FE7-4DBD-A440-8FF2DEB444BA}.Debug|Any CPU.ActiveCfg = Debug|Any CPU
		{098F089B-0FE7-4DBD-A440-8FF2DEB444BA}.Debug|Any CPU.Build.0 = Debug|Any CPU
		{098F089B-0FE7-4DBD-A440-8FF2DEB444BA}.Release|Any CPU.ActiveCfg = Release|Any CPU
		{098F089B-0FE7-4DBD-A440-8FF2DEB444BA}.Release|Any CPU.Build.0 = Release|Any CPU
	EndGlobalSection
	GlobalSection(SolutionProperties) = preSolution
		HideSolutionNode = FALSE
	EndGlobalSection
	GlobalSection(ExtensibilityGlobals) = postSolution
		SolutionGuid = {99D75810-A300-488E-AEFE-68AFE5FDF4E8}
	EndGlobalSection
EndGlobal
